
Microsoft Visual Studio Solution File, Format Version 12.00
# Visual Studio Version 16
VisualStudioVersion = 16.0.810.0
MinimumVisualStudioVersion = 10.0.40219.1
Project("{FAE04EC0-301F-11D3-BF4B-00C04F79EFBC}") = "ConsoleApp3", "ConsoleApp3\ConsoleApp3.csproj", "{19EBD018-8F13-4789-966D-152F88B2833F}"
EndProject
Global
	GlobalSection(SolutionConfigurationPlatforms) = preSolution
		Debug|Any CPU = Debug|Any CPU
		Release|Any CPU = Release|Any CPU
	EndGlobalSection
	GlobalSection(ProjectConfigurationPlatforms) = postSolution
		{19EBD018-8F13-4789-966D-152F88B2833F}.Debug|Any CPU.ActiveCfg = Debug|Any CPU
		{19EBD018-8F13-4789-966D-152F88B2833F}.Debug|Any CPU.Build.0 = Debug|Any CPU
		{19EBD018-8F13-4789-966D-152F88B2833F}.Release|Any CPU.ActiveCfg = Release|Any CPU
		{19EBD018-8F13-4789-966D-152F88B2833F}.Release|Any CPU.Build.0 = Release|Any CPU
	EndGlobalSection
	GlobalSection(SolutionProperties) = preSolution
		HideSolutionNode = FALSE
	EndGlobalSection
	GlobalSection(ExtensibilityGlobals) = postSolution
		SolutionGuid = {234AEEB3-5D3A-43B7-BC6D-0D7893DC6FE8}
	EndGlobalSection
EndGlobal
