
Microsoft Visual Studio Solution File, Format Version 12.00
# Visual Studio Version 16
VisualStudioVersion = 16.0.810.0
MinimumVisualStudioVersion = 10.0.40219.1
Project("{FAE04EC0-301F-11D3-BF4B-00C04F79EFBC}") = "MovieShopMVC", "MovieShopMVC\MovieShopMVC.csproj", "{A6DB1299-A39C-484D-8774-8EFBA35CEF57}"
EndProject
Global
	GlobalSection(SolutionConfigurationPlatforms) = preSolution
		Debug|Any CPU = Debug|Any CPU
		Release|Any CPU = Release|Any CPU
	EndGlobalSection
	GlobalSection(ProjectConfigurationPlatforms) = postSolution
		{A6DB1299-A39C-484D-8774-8EFBA35CEF57}.Debug|Any CPU.ActiveCfg = Debug|Any CPU
		{A6DB1299-A39C-484D-8774-8EFBA35CEF57}.Debug|Any CPU.Build.0 = Debug|Any CPU
		{A6DB1299-A39C-484D-8774-8EFBA35CEF57}.Release|Any CPU.ActiveCfg = Release|Any CPU
		{A6DB1299-A39C-484D-8774-8EFBA35CEF57}.Release|Any CPU.Build.0 = Release|Any CPU
	EndGlobalSection
	GlobalSection(SolutionProperties) = preSolution
		HideSolutionNode = FALSE
	EndGlobalSection
	GlobalSection(ExtensibilityGlobals) = postSolution
		SolutionGuid = {F0486F9B-3008-417F-827C-59EB7E7C8FFE}
	EndGlobalSection
EndGlobal
