
Microsoft Visual Studio Solution File, Format Version 12.00
# Visual Studio Version 16
VisualStudioVersion = 16.0.810.0
MinimumVisualStudioVersion = 10.0.40219.1
Project("{FAE04EC0-301F-11D3-BF4B-00C04F79EFBC}") = "Exercise1", "Exercise1\Exercise1.csproj", "{26162325-24B6-4EDB-A172-1FC392F59AD9}"
EndProject
Project("{FAE04EC0-301F-11D3-BF4B-00C04F79EFBC}") = "Exercise2", "Exercise2\Exercise2.csproj", "{03B1A9A4-6ABD-418F-8B78-D64AAF41DB5B}"
EndProject
Global
	GlobalSection(SolutionConfigurationPlatforms) = preSolution
		Debug|Any CPU = Debug|Any CPU
		Release|Any CPU = Release|Any CPU
	EndGlobalSection
	GlobalSection(ProjectConfigurationPlatforms) = postSolution
		{26162325-24B6-4EDB-A172-1FC392F59AD9}.Debug|Any CPU.ActiveCfg = Debug|Any CPU
		{26162325-24B6-4EDB-A172-1FC392F59AD9}.Debug|Any CPU.Build.0 = Debug|Any CPU
		{26162325-24B6-4EDB-A172-1FC392F59AD9}.Release|Any CPU.ActiveCfg = Release|Any CPU
		{26162325-24B6-4EDB-A172-1FC392F59AD9}.Release|Any CPU.Build.0 = Release|Any CPU
		{03B1A9A4-6ABD-418F-8B78-D64AAF41DB5B}.Debug|Any CPU.ActiveCfg = Debug|Any CPU
		{03B1A9A4-6ABD-418F-8B78-D64AAF41DB5B}.Debug|Any CPU.Build.0 = Debug|Any CPU
		{03B1A9A4-6ABD-418F-8B78-D64AAF41DB5B}.Release|Any CPU.ActiveCfg = Release|Any CPU
		{03B1A9A4-6ABD-418F-8B78-D64AAF41DB5B}.Release|Any CPU.Build.0 = Release|Any CPU
	EndGlobalSection
	GlobalSection(SolutionProperties) = preSolution
		HideSolutionNode = FALSE
	EndGlobalSection
	GlobalSection(ExtensibilityGlobals) = postSolution
		SolutionGuid = {C9FBF94B-07EA-4BDE-A670-904140F7539D}
	EndGlobalSection
EndGlobal
