
Microsoft Visual Studio Solution File, Format Version 12.00
# Visual Studio Version 16
VisualStudioVersion = 16.0.810.0
MinimumVisualStudioVersion = 10.0.40219.1
Project("{FAE04EC0-301F-11D3-BF4B-00C04F79EFBC}") = "JavascriptClass3", "JavascriptClass3\JavascriptClass3.csproj", "{1751E69B-D8DF-43DE-A9E1-25DACAB51245}"
EndProject
Global
	GlobalSection(SolutionConfigurationPlatforms) = preSolution
		Debug|Any CPU = Debug|Any CPU
		Release|Any CPU = Release|Any CPU
	EndGlobalSection
	GlobalSection(ProjectConfigurationPlatforms) = postSolution
		{1751E69B-D8DF-43DE-A9E1-25DACAB51245}.Debug|Any CPU.ActiveCfg = Debug|Any CPU
		{1751E69B-D8DF-43DE-A9E1-25DACAB51245}.Debug|Any CPU.Build.0 = Debug|Any CPU
		{1751E69B-D8DF-43DE-A9E1-25DACAB51245}.Release|Any CPU.ActiveCfg = Release|Any CPU
		{1751E69B-D8DF-43DE-A9E1-25DACAB51245}.Release|Any CPU.Build.0 = Release|Any CPU
	EndGlobalSection
	GlobalSection(SolutionProperties) = preSolution
		HideSolutionNode = FALSE
	EndGlobalSection
	GlobalSection(ExtensibilityGlobals) = postSolution
		SolutionGuid = {571A6C9B-0943-4871-9764-F54BE944BED2}
	EndGlobalSection
EndGlobal
